
Microsoft Visual Studio Solution File, Format Version 12.00
# Visual Studio Version 16
VisualStudioVersion = 16.0.29020.237
MinimumVisualStudioVersion = 10.0.40219.1
Project("{8BC9CEB8-8B4A-11D0-8D11-00A0C91BC942}") = "Sidplay3", "Sidplay3\Sidplay3.vcxproj", "{6FDF6A5C-9D9E-4AE3-9096-11D0B257571B}"
	ProjectSection(ProjectDependencies) = postProject
		{E4720DB9-DBEB-48BE-B400-3AE43878ACA6} = {E4720DB9-DBEB-48BE-B400-3AE43878ACA6}
	EndProjectSection
EndProject
Project("{8BC9CEB8-8B4A-11D0-8D11-00A0C91BC942}") = "libsidplay", "libsidplay\libsidplay.vcxproj", "{E4720DB9-DBEB-48BE-B400-3AE43878ACA6}"
EndProject
Global
	GlobalSection(SolutionConfigurationPlatforms) = preSolution
		Debug|x64 = Debug|x64
		Debug|x86 = Debug|x86
		Release|x64 = Release|x64
		Release|x86 = Release|x86
	EndGlobalSection
	GlobalSection(ProjectConfigurationPlatforms) = postSolution
		{6FDF6A5C-9D9E-4AE3-9096-11D0B257571B}.Debug|x64.ActiveCfg = Debug|x64
		{6FDF6A5C-9D9E-4AE3-9096-11D0B257571B}.Debug|x64.Build.0 = Debug|x64
		{6FDF6A5C-9D9E-4AE3-9096-11D0B257571B}.Debug|x86.ActiveCfg = Debug|Win32
		{6FDF6A5C-9D9E-4AE3-9096-11D0B257571B}.Debug|x86.Build.0 = Debug|Win32
		{6FDF6A5C-9D9E-4AE3-9096-11D0B257571B}.Release|x64.ActiveCfg = Release|x64
		{6FDF6A5C-9D9E-4AE3-9096-11D0B257571B}.Release|x64.Build.0 = Release|x64
		{6FDF6A5C-9D9E-4AE3-9096-11D0B257571B}.Release|x86.ActiveCfg = Release|Win32
		{6FDF6A5C-9D9E-4AE3-9096-11D0B257571B}.Release|x86.Build.0 = Release|Win32
		{E4720DB9-DBEB-48BE-B400-3AE43878ACA6}.Debug|x64.ActiveCfg = Debug|x64
		{E4720DB9-DBEB-48BE-B400-3AE43878ACA6}.Debug|x64.Build.0 = Debug|x64
		{E4720DB9-DBEB-48BE-B400-3AE43878ACA6}.Debug|x86.ActiveCfg = Debug|Win32
		{E4720DB9-DBEB-48BE-B400-3AE43878ACA6}.Debug|x86.Build.0 = Debug|Win32
		{E4720DB9-DBEB-48BE-B400-3AE43878ACA6}.Release|x64.ActiveCfg = Release|x64
		{E4720DB9-DBEB-48BE-B400-3AE43878ACA6}.Release|x64.Build.0 = Release|x64
		{E4720DB9-DBEB-48BE-B400-3AE43878ACA6}.Release|x86.ActiveCfg = Release|Win32
		{E4720DB9-DBEB-48BE-B400-3AE43878ACA6}.Release|x86.Build.0 = Release|Win32
	EndGlobalSection
	GlobalSection(SolutionProperties) = preSolution
		HideSolutionNode = FALSE
	EndGlobalSection
	GlobalSection(ExtensibilityGlobals) = postSolution
		SolutionGuid = {1E6491C1-EE3A-4147-9A96-91024C8934A7}
	EndGlobalSection
EndGlobal
